// !$*UTF8*$!
{
	archiveVersion = 1;
	classes = {
	};
	objectVersion = 46;
	objects = {

/* Begin PBXBuildFile section */
		3B040BB319B7AB9D000193E0 /* MapKit.framework in Frameworks */ = {isa = PBXBuildFile; fileRef = 3B040BB219B7AB9D000193E0 /* MapKit.framework */; };
		3B6A0D6219B8122A006B3692 /* EWEMainViewController.m in Sources */ = {isa = PBXBuildFile; fileRef = 3B6A0D6119B8122A006B3692 /* EWEMainViewController.m */; };
		3B9FD1F019BB493E00C88617 /* EWESeachView.m in Sources */ = {isa = PBXBuildFile; fileRef = 3B9FD1EF19BB493E00C88617 /* EWESeachView.m */; };
		3BC4E2AA19B901370041F576 /* EWEMapViewController.m in Sources */ = {isa = PBXBuildFile; fileRef = 3BC4E2A919B901370041F576 /* EWEMapViewController.m */; };
		3BD8405219B76D9D0039B72A /* Foundation.framework in Frameworks */ = {isa = PBXBuildFile; fileRef = 3BD8405119B76D9D0039B72A /* Foundation.framework */; };
		3BD8405419B76D9D0039B72A /* CoreGraphics.framework in Frameworks */ = {isa = PBXBuildFile; fileRef = 3BD8405319B76D9D0039B72A /* CoreGraphics.framework */; };
		3BD8405619B76D9D0039B72A /* UIKit.framework in Frameworks */ = {isa = PBXBuildFile; fileRef = 3BD8405519B76D9D0039B72A /* UIKit.framework */; };
		3BD8405C19B76D9D0039B72A /* InfoPlist.strings in Resources */ = {isa = PBXBuildFile; fileRef = 3BD8405A19B76D9D0039B72A /* InfoPlist.strings */; };
		3BD8405E19B76D9D0039B72A /* main.m in Sources */ = {isa = PBXBuildFile; fileRef = 3BD8405D19B76D9D0039B72A /* main.m */; };
		3BD8406219B76D9D0039B72A /* EWEAppDelegate.m in Sources */ = {isa = PBXBuildFile; fileRef = 3BD8406119B76D9D0039B72A /* EWEAppDelegate.m */; };
		3BD8406419B76D9D0039B72A /* Images.xcassets in Resources */ = {isa = PBXBuildFile; fileRef = 3BD8406319B76D9D0039B72A /* Images.xcassets */; };
		3BD8406B19B76D9D0039B72A /* XCTest.framework in Frameworks */ = {isa = PBXBuildFile; fileRef = 3BD8406A19B76D9D0039B72A /* XCTest.framework */; };
		3BD8406C19B76D9D0039B72A /* Foundation.framework in Frameworks */ = {isa = PBXBuildFile; fileRef = 3BD8405119B76D9D0039B72A /* Foundation.framework */; };
		3BD8406D19B76D9D0039B72A /* UIKit.framework in Frameworks */ = {isa = PBXBuildFile; fileRef = 3BD8405519B76D9D0039B72A /* UIKit.framework */; };
		3BD8407519B76D9D0039B72A /* InfoPlist.strings in Resources */ = {isa = PBXBuildFile; fileRef = 3BD8407319B76D9D0039B72A /* InfoPlist.strings */; };
		3BD8407719B76D9D0039B72A /* TheFunSpotTests.m in Sources */ = {isa = PBXBuildFile; fileRef = 3BD8407619B76D9D0039B72A /* TheFunSpotTests.m */; };
/* End PBXBuildFile section */

/* Begin PBXContainerItemProxy section */
		3BD8406E19B76D9D0039B72A /* PBXContainerItemProxy */ = {
			isa = PBXContainerItemProxy;
			containerPortal = 3BD8404619B76D9D0039B72A /* Project object */;
			proxyType = 1;
			remoteGlobalIDString = 3BD8404D19B76D9D0039B72A;
			remoteInfo = TheFunSpot;
		};
/* End PBXContainerItemProxy section */

/* Begin PBXFileReference section */
		3B040BB219B7AB9D000193E0 /* MapKit.framework */ = {isa = PBXFileReference; lastKnownFileType = wrapper.framework; name = MapKit.framework; path = System/Library/Frameworks/MapKit.framework; sourceTree = SDKROOT; };
		3B6A0D6019B8122A006B3692 /* EWEMainViewController.h */ = {isa = PBXFileReference; fileEncoding = 4; lastKnownFileType = sourcecode.c.h; path = EWEMainViewController.h; sourceTree = "<group>"; };
		3B6A0D6119B8122A006B3692 /* EWEMainViewController.m */ = {isa = PBXFileReference; fileEncoding = 4; lastKnownFileType = sourcecode.c.objc; path = EWEMainViewController.m; sourceTree = "<group>"; };
		3B9FD1EE19BB493E00C88617 /* EWESeachView.h */ = {isa = PBXFileReference; fileEncoding = 4; lastKnownFileType = sourcecode.c.h; path = EWESeachView.h; sourceTree = "<group>"; };
		3B9FD1EF19BB493E00C88617 /* EWESeachView.m */ = {isa = PBXFileReference; fileEncoding = 4; lastKnownFileType = sourcecode.c.objc; path = EWESeachView.m; sourceTree = "<group>"; };
		3BC4E2A819B901370041F576 /* EWEMapViewController.h */ = {isa = PBXFileReference; fileEncoding = 4; lastKnownFileType = sourcecode.c.h; path = EWEMapViewController.h; sourceTree = "<group>"; };
		3BC4E2A919B901370041F576 /* EWEMapViewController.m */ = {isa = PBXFileReference; fileEncoding = 4; lastKnownFileType = sourcecode.c.objc; path = EWEMapViewController.m; sourceTree = "<group>"; };
		3BD8404E19B76D9D0039B72A /* TheFunSpot.app */ = {isa = PBXFileReference; explicitFileType = wrapper.application; includeInIndex = 0; path = TheFunSpot.app; sourceTree = BUILT_PRODUCTS_DIR; };
		3BD8405119B76D9D0039B72A /* Foundation.framework */ = {isa = PBXFileReference; lastKnownFileType = wrapper.framework; name = Foundation.framework; path = System/Library/Frameworks/Foundation.framework; sourceTree = SDKROOT; };
		3BD8405319B76D9D0039B72A /* CoreGraphics.framework */ = {isa = PBXFileReference; lastKnownFileType = wrapper.framework; name = CoreGraphics.framework; path = System/Library/Frameworks/CoreGraphics.framework; sourceTree = SDKROOT; };
		3BD8405519B76D9D0039B72A /* UIKit.framework */ = {isa = PBXFileReference; lastKnownFileType = wrapper.framework; name = UIKit.framework; path = System/Library/Frameworks/UIKit.framework; sourceTree = SDKROOT; };
		3BD8405919B76D9D0039B72A /* TheFunSpot-Info.plist */ = {isa = PBXFileReference; lastKnownFileType = text.plist.xml; path = "TheFunSpot-Info.plist"; sourceTree = "<group>"; };
		3BD8405B19B76D9D0039B72A /* en */ = {isa = PBXFileReference; lastKnownFileType = text.plist.strings; name = en; path = en.lproj/InfoPlist.strings; sourceTree = "<group>"; };
		3BD8405D19B76D9D0039B72A /* main.m */ = {isa = PBXFileReference; lastKnownFileType = sourcecode.c.objc; path = main.m; sourceTree = "<group>"; };
		3BD8405F19B76D9D0039B72A /* TheFunSpot-Prefix.pch */ = {isa = PBXFileReference; lastKnownFileType = sourcecode.c.h; path = "TheFunSpot-Prefix.pch"; sourceTree = "<group>"; };
		3BD8406019B76D9D0039B72A /* EWEAppDelegate.h */ = {isa = PBXFileReference; lastKnownFileType = sourcecode.c.h; path = EWEAppDelegate.h; sourceTree = "<group>"; };
		3BD8406119B76D9D0039B72A /* EWEAppDelegate.m */ = {isa = PBXFileReference; lastKnownFileType = sourcecode.c.objc; path = EWEAppDelegate.m; sourceTree = "<group>"; };
		3BD8406319B76D9D0039B72A /* Images.xcassets */ = {isa = PBXFileReference; lastKnownFileType = folder.assetcatalog; path = Images.xcassets; sourceTree = "<group>"; };
		3BD8406919B76D9D0039B72A /* TheFunSpotTests.xctest */ = {isa = PBXFileReference; explicitFileType = wrapper.cfbundle; includeInIndex = 0; path = TheFunSpotTests.xctest; sourceTree = BUILT_PRODUCTS_DIR; };
		3BD8406A19B76D9D0039B72A /* XCTest.framework */ = {isa = PBXFileReference; lastKnownFileType = wrapper.framework; name = XCTest.framework; path = Library/Frameworks/XCTest.framework; sourceTree = DEVELOPER_DIR; };
		3BD8407219B76D9D0039B72A /* TheFunSpotTests-Info.plist */ = {isa = PBXFileReference; lastKnownFileType = text.plist.xml; path = "TheFunSpotTests-Info.plist"; sourceTree = "<group>"; };
		3BD8407419B76D9D0039B72A /* en */ = {isa = PBXFileReference; lastKnownFileType = text.plist.strings; name = en; path = en.lproj/InfoPlist.strings; sourceTree = "<group>"; };
		3BD8407619B76D9D0039B72A /* TheFunSpotTests.m */ = {isa = PBXFileReference; lastKnownFileType = sourcecode.c.objc; path = TheFunSpotTests.m; sourceTree = "<group>"; };
/* End PBXFileReference section */

/* Begin PBXFrameworksBuildPhase section */
		3BD8404B19B76D9D0039B72A /* Frameworks */ = {
			isa = PBXFrameworksBuildPhase;
			buildActionMask = 2147483647;
			files = (
				3B040BB319B7AB9D000193E0 /* MapKit.framework in Frameworks */,
				3BD8405419B76D9D0039B72A /* CoreGraphics.framework in Frameworks */,
				3BD8405619B76D9D0039B72A /* UIKit.framework in Frameworks */,
				3BD8405219B76D9D0039B72A /* Foundation.framework in Frameworks */,
			);
			runOnlyForDeploymentPostprocessing = 0;
		};
		3BD8406619B76D9D0039B72A /* Frameworks */ = {
			isa = PBXFrameworksBuildPhase;
			buildActionMask = 2147483647;
			files = (
				3BD8406B19B76D9D0039B72A /* XCTest.framework in Frameworks */,
				3BD8406D19B76D9D0039B72A /* UIKit.framework in Frameworks */,
				3BD8406C19B76D9D0039B72A /* Foundation.framework in Frameworks */,
			);
			runOnlyForDeploymentPostprocessing = 0;
		};
/* End PBXFrameworksBuildPhase section */

/* Begin PBXGroup section */
		3BD8404519B76D9D0039B72A = {
			isa = PBXGroup;
			children = (
				3BD8405719B76D9D0039B72A /* TheFunSpot */,
				3BD8407019B76D9D0039B72A /* TheFunSpotTests */,
				3BD8405019B76D9D0039B72A /* Frameworks */,
				3BD8404F19B76D9D0039B72A /* Products */,
			);
			sourceTree = "<group>";
		};
		3BD8404F19B76D9D0039B72A /* Products */ = {
			isa = PBXGroup;
			children = (
				3BD8404E19B76D9D0039B72A /* TheFunSpot.app */,
				3BD8406919B76D9D0039B72A /* TheFunSpotTests.xctest */,
			);
			name = Products;
			sourceTree = "<group>";
		};
		3BD8405019B76D9D0039B72A /* Frameworks */ = {
			isa = PBXGroup;
			children = (
				3B040BB219B7AB9D000193E0 /* MapKit.framework */,
				3BD8405119B76D9D0039B72A /* Foundation.framework */,
				3BD8405319B76D9D0039B72A /* CoreGraphics.framework */,
				3BD8405519B76D9D0039B72A /* UIKit.framework */,
				3BD8406A19B76D9D0039B72A /* XCTest.framework */,
			);
			name = Frameworks;
			sourceTree = "<group>";
		};
		3BD8405719B76D9D0039B72A /* TheFunSpot */ = {
			isa = PBXGroup;
			children = (
				3BD8406019B76D9D0039B72A /* EWEAppDelegate.h */,
				3BD8406119B76D9D0039B72A /* EWEAppDelegate.m */,
				3B6A0D6019B8122A006B3692 /* EWEMainViewController.h */,
				3B6A0D6119B8122A006B3692 /* EWEMainViewController.m */,
				3BC4E2A819B901370041F576 /* EWEMapViewController.h */,
				3BC4E2A919B901370041F576 /* EWEMapViewController.m */,
				3B9FD1EE19BB493E00C88617 /* EWESeachView.h */,
				3B9FD1EF19BB493E00C88617 /* EWESeachView.m */,
				3BD8406319B76D9D0039B72A /* Images.xcassets */,
				3BD8405819B76D9D0039B72A /* Supporting Files */,
			);
			path = TheFunSpot;
			sourceTree = "<group>";
		};
		3BD8405819B76D9D0039B72A /* Supporting Files */ = {
			isa = PBXGroup;
			children = (
				3BD8405919B76D9D0039B72A /* TheFunSpot-Info.plist */,
				3BD8405A19B76D9D0039B72A /* InfoPlist.strings */,
				3BD8405D19B76D9D0039B72A /* main.m */,
				3BD8405F19B76D9D0039B72A /* TheFunSpot-Prefix.pch */,
			);
			name = "Supporting Files";
			sourceTree = "<group>";
		};
		3BD8407019B76D9D0039B72A /* TheFunSpotTests */ = {
			isa = PBXGroup;
			children = (
				3BD8407619B76D9D0039B72A /* TheFunSpotTests.m */,
				3BD8407119B76D9D0039B72A /* Supporting Files */,
			);
			path = TheFunSpotTests;
			sourceTree = "<group>";
		};
		3BD8407119B76D9D0039B72A /* Supporting Files */ = {
			isa = PBXGroup;
			children = (
				3BD8407219B76D9D0039B72A /* TheFunSpotTests-Info.plist */,
				3BD8407319B76D9D0039B72A /* InfoPlist.strings */,
			);
			name = "Supporting Files";
			sourceTree = "<group>";
		};
/* End PBXGroup section */

/* Begin PBXNativeTarget section */
		3BD8404D19B76D9D0039B72A /* TheFunSpot */ = {
			isa = PBXNativeTarget;
			buildConfigurationList = 3BD8407A19B76D9D0039B72A /* Build configuration list for PBXNativeTarget "TheFunSpot" */;
			buildPhases = (
				3BD8404A19B76D9D0039B72A /* Sources */,
				3BD8404B19B76D9D0039B72A /* Frameworks */,
				3BD8404C19B76D9D0039B72A /* Resources */,
			);
			buildRules = (
			);
			dependencies = (
			);
			name = TheFunSpot;
			productName = TheFunSpot;
			productReference = 3BD8404E19B76D9D0039B72A /* TheFunSpot.app */;
			productType = "com.apple.product-type.application";
		};
		3BD8406819B76D9D0039B72A /* TheFunSpotTests */ = {
			isa = PBXNativeTarget;
			buildConfigurationList = 3BD8407D19B76D9D0039B72A /* Build configuration list for PBXNativeTarget "TheFunSpotTests" */;
			buildPhases = (
				3BD8406519B76D9D0039B72A /* Sources */,
				3BD8406619B76D9D0039B72A /* Frameworks */,
				3BD8406719B76D9D0039B72A /* Resources */,
			);
			buildRules = (
			);
			dependencies = (
				3BD8406F19B76D9D0039B72A /* PBXTargetDependency */,
			);
			name = TheFunSpotTests;
			productName = TheFunSpotTests;
			productReference = 3BD8406919B76D9D0039B72A /* TheFunSpotTests.xctest */;
			productType = "com.apple.product-type.bundle.unit-test";
		};
/* End PBXNativeTarget section */

/* Begin PBXProject section */
		3BD8404619B76D9D0039B72A /* Project object */ = {
			isa = PBXProject;
			attributes = {
				CLASSPREFIX = EWE;
				LastUpgradeCheck = 0510;
				ORGANIZATIONNAME = EastoftheWestEnd;
				TargetAttributes = {
					3BD8406819B76D9D0039B72A = {
						TestTargetID = 3BD8404D19B76D9D0039B72A;
					};
				};
			};
			buildConfigurationList = 3BD8404919B76D9D0039B72A /* Build configuration list for PBXProject "TheFunSpot" */;
			compatibilityVersion = "Xcode 3.2";
			developmentRegion = English;
			hasScannedForEncodings = 0;
			knownRegions = (
				en,
			);
			mainGroup = 3BD8404519B76D9D0039B72A;
			productRefGroup = 3BD8404F19B76D9D0039B72A /* Products */;
			projectDirPath = "";
			projectRoot = "";
			targets = (
				3BD8404D19B76D9D0039B72A /* TheFunSpot */,
				3BD8406819B76D9D0039B72A /* TheFunSpotTests */,
			);
		};
/* End PBXProject section */

/* Begin PBXResourcesBuildPhase section */
		3BD8404C19B76D9D0039B72A /* Resources */ = {
			isa = PBXResourcesBuildPhase;
			buildActionMask = 2147483647;
			files = (
				3BD8405C19B76D9D0039B72A /* InfoPlist.strings in Resources */,
				3BD8406419B76D9D0039B72A /* Images.xcassets in Resources */,
			);
			runOnlyForDeploymentPostprocessing = 0;
		};
		3BD8406719B76D9D0039B72A /* Resources */ = {
			isa = PBXResourcesBuildPhase;
			buildActionMask = 2147483647;
			files = (
				3BD8407519B76D9D0039B72A /* InfoPlist.strings in Resources */,
			);
			runOnlyForDeploymentPostprocessing = 0;
		};
/* End PBXResourcesBuildPhase section */

/* Begin PBXSourcesBuildPhase section */
		3BD8404A19B76D9D0039B72A /* Sources */ = {
			isa = PBXSourcesBuildPhase;
			buildActionMask = 2147483647;
			files = (
				3BD8406219B76D9D0039B72A /* EWEAppDelegate.m in Sources */,
				3B9FD1F019BB493E00C88617 /* EWESeachView.m in Sources */,
				3B6A0D6219B8122A006B3692 /* EWEMainViewController.m in Sources */,
				3BD8405E19B76D9D0039B72A /* main.m in Sources */,
				3BC4E2AA19B901370041F576 /* EWEMapViewController.m in Sources */,
			);
			runOnlyForDeploymentPostprocessing = 0;
		};
		3BD8406519B76D9D0039B72A /* Sources */ = {
			isa = PBXSourcesBuildPhase;
			buildActionMask = 2147483647;
			files = (
				3BD8407719B76D9D0039B72A /* TheFunSpotTests.m in Sources */,
			);
			runOnlyForDeploymentPostprocessing = 0;
		};
/* End PBXSourcesBuildPhase section */

/* Begin PBXTargetDependency section */
		3BD8406F19B76D9D0039B72A /* PBXTargetDependency */ = {
			isa = PBXTargetDependency;
			target = 3BD8404D19B76D9D0039B72A /* TheFunSpot */;
			targetProxy = 3BD8406E19B76D9D0039B72A /* PBXContainerItemProxy */;
		};
/* End PBXTargetDependency section */

/* Begin PBXVariantGroup section */
		3BD8405A19B76D9D0039B72A /* InfoPlist.strings */ = {
			isa = PBXVariantGroup;
			children = (
				3BD8405B19B76D9D0039B72A /* en */,
			);
			name = InfoPlist.strings;
			sourceTree = "<group>";
		};
		3BD8407319B76D9D0039B72A /* InfoPlist.strings */ = {
			isa = PBXVariantGroup;
			children = (
				3BD8407419B76D9D0039B72A /* en */,
			);
			name = InfoPlist.strings;
			sourceTree = "<group>";
		};
/* End PBXVariantGroup section */

/* Begin XCBuildConfiguration section */
		3BD8407819B76D9D0039B72A /* Debug */ = {
			isa = XCBuildConfiguration;
			buildSettings = {
				ALWAYS_SEARCH_USER_PATHS = NO;
				CLANG_CXX_LANGUAGE_STANDARD = "gnu++0x";
				CLANG_CXX_LIBRARY = "libc++";
				CLANG_ENABLE_MODULES = YES;
				CLANG_ENABLE_OBJC_ARC = YES;
				CLANG_WARN_BOOL_CONVERSION = YES;
				CLANG_WARN_CONSTANT_CONVERSION = YES;
				CLANG_WARN_DIRECT_OBJC_ISA_USAGE = YES_ERROR;
				CLANG_WARN_EMPTY_BODY = YES;
				CLANG_WARN_ENUM_CONVERSION = YES;
				CLANG_WARN_INT_CONVERSION = YES;
				CLANG_WARN_OBJC_ROOT_CLASS = YES_ERROR;
				CLANG_WARN__DUPLICATE_METHOD_MATCH = YES;
				"CODE_SIGN_IDENTITY[sdk=iphoneos*]" = "iPhone Developer";
				COPY_PHASE_STRIP = NO;
				GCC_C_LANGUAGE_STANDARD = gnu99;
				GCC_DYNAMIC_NO_PIC = NO;
				GCC_OPTIMIZATION_LEVEL = 0;
				GCC_PREPROCESSOR_DEFINITIONS = (
					"DEBUG=1",
					"$(inherited)",
				);
				GCC_SYMBOLS_PRIVATE_EXTERN = NO;
				GCC_WARN_64_TO_32_BIT_CONVERSION = YES;
				GCC_WARN_ABOUT_RETURN_TYPE = YES_ERROR;
				GCC_WARN_UNDECLARED_SELECTOR = YES;
				GCC_WARN_UNINITIALIZED_AUTOS = YES_AGGRESSIVE;
				GCC_WARN_UNUSED_FUNCTION = YES;
				GCC_WARN_UNUSED_VARIABLE = YES;
				IPHONEOS_DEPLOYMENT_TARGET = 7.1;
				ONLY_ACTIVE_ARCH = YES;
				SDKROOT = iphoneos;
				TARGETED_DEVICE_FAMILY = "1,2";
			};
			name = Debug;
		};
		3BD8407919B76D9D0039B72A /* Release */ = {
			isa = XCBuildConfiguration;
			buildSettings = {
				ALWAYS_SEARCH_USER_PATHS = NO;
				CLANG_CXX_LANGUAGE_STANDARD = "gnu++0x";
				CLANG_CXX_LIBRARY = "libc++";
				CLANG_ENABLE_MODULES = YES;
				CLANG_ENABLE_OBJC_ARC = YES;
				CLANG_WARN_BOOL_CONVERSION = YES;
				CLANG_WARN_CONSTANT_CONVERSION = YES;
				CLANG_WARN_DIRECT_OBJC_ISA_USAGE = YES_ERROR;
				CLANG_WARN_EMPTY_BODY = YES;
				CLANG_WARN_ENUM_CONVERSION = YES;
				CLANG_WARN_INT_CONVERSION = YES;
				CLANG_WARN_OBJC_ROOT_CLASS = YES_ERROR;
				CLANG_WARN__DUPLICATE_METHOD_MATCH = YES;
				"CODE_SIGN_IDENTITY[sdk=iphoneos*]" = "iPhone Developer";
				COPY_PHASE_STRIP = YES;
				ENABLE_NS_ASSERTIONS = NO;
				GCC_C_LANGUAGE_STANDARD = gnu99;
				GCC_WARN_64_TO_32_BIT_CONVERSION = YES;
				GCC_WARN_ABOUT_RETURN_TYPE = YES_ERROR;
				GCC_WARN_UNDECLARED_SELECTOR = YES;
				GCC_WARN_UNINITIALIZED_AUTOS = YES_AGGRESSIVE;
				GCC_WARN_UNUSED_FUNCTION = YES;
				GCC_WARN_UNUSED_VARIABLE = YES;
				IPHONEOS_DEPLOYMENT_TARGET = 7.1;
				SDKROOT = iphoneos;
				TARGETED_DEVICE_FAMILY = "1,2";
				VALIDATE_PRODUCT = YES;
			};
			name = Release;
		};
		3BD8407B19B76D9D0039B72A /* Debug */ = {
			isa = XCBuildConfiguration;
			buildSettings = {
				ASSETCATALOG_COMPILER_APPICON_NAME = AppIcon;
				ASSETCATALOG_COMPILER_LAUNCHIMAGE_NAME = LaunchImage;
				GCC_PRECOMPILE_PREFIX_HEADER = YES;
				GCC_PREFIX_HEADER = "TheFunSpot/TheFunSpot-Prefix.pch";
				INFOPLIST_FILE = "TheFunSpot/TheFunSpot-Info.plist";
				PRODUCT_NAME = "$(TARGET_NAME)";
				WRAPPER_EXTENSION = app;
			};
			name = Debug;
		};
		3BD8407C19B76D9D0039B72A /* Release */ = {
			isa = XCBuildConfiguration;
			buildSettings = {
				ASSETCATALOG_COMPILER_APPICON_NAME = AppIcon;
				ASSETCATALOG_COMPILER_LAUNCHIMAGE_NAME = LaunchImage;
				GCC_PRECOMPILE_PREFIX_HEADER = YES;
				GCC_PREFIX_HEADER = "TheFunSpot/TheFunSpot-Prefix.pch";
				INFOPLIST_FILE = "TheFunSpot/TheFunSpot-Info.plist";
				PRODUCT_NAME = "$(TARGET_NAME)";
				WRAPPER_EXTENSION = app;
			};
			name = Release;
		};
		3BD8407E19B76D9D0039B72A /* Debug */ = {
			isa = XCBuildConfiguration;
			buildSettings = {
				BUNDLE_LOADER = "$(BUILT_PRODUCTS_DIR)/TheFunSpot.app/TheFunSpot";
				FRAMEWORK_SEARCH_PATHS = (
					"$(SDKROOT)/Developer/Library/Frameworks",
					"$(inherited)",
					"$(DEVELOPER_FRAMEWORKS_DIR)",
				);
				GCC_PRECOMPILE_PREFIX_HEADER = YES;
				GCC_PREFIX_HEADER = "TheFunSpot/TheFunSpot-Prefix.pch";
				GCC_PREPROCESSOR_DEFINITIONS = (
					"DEBUG=1",
					"$(inherited)",
				);
				INFOPLIST_FILE = "TheFunSpotTests/TheFunSpotTests-Info.plist";
				PRODUCT_NAME = "$(TARGET_NAME)";
				TEST_HOST = "$(BUNDLE_LOADER)";
				WRAPPER_EXTENSION = xctest;
			};
			name = Debug;
		};
		3BD8407F19B76D9D0039B72A /* Release */ = {
			isa = XCBuildConfiguration;
			buildSettings = {
				BUNDLE_LOADER = "$(BUILT_PRODUCTS_DIR)/TheFunSpot.app/TheFunSpot";
				FRAMEWORK_SEARCH_PATHS = (
					"$(SDKROOT)/Developer/Library/Frameworks",
					"$(inherited)",
					"$(DEVELOPER_FRAMEWORKS_DIR)",
				);
				GCC_PRECOMPILE_PREFIX_HEADER = YES;
				GCC_PREFIX_HEADER = "TheFunSpot/TheFunSpot-Prefix.pch";
				INFOPLIST_FILE = "TheFunSpotTests/TheFunSpotTests-Info.plist";
				PRODUCT_NAME = "$(TARGET_NAME)";
				TEST_HOST = "$(BUNDLE_LOADER)";
				WRAPPER_EXTENSION = xctest;
			};
			name = Release;
		};
/* End XCBuildConfiguration section */

/* Begin XCConfigurationList section */
		3BD8404919B76D9D0039B72A /* Build configuration list for PBXProject "TheFunSpot" */ = {
			isa = XCConfigurationList;
			buildConfigurations = (
				3BD8407819B76D9D0039B72A /* Debug */,
				3BD8407919B76D9D0039B72A /* Release */,
			);
			defaultConfigurationIsVisible = 0;
			defaultConfigurationName = Release;
		};
		3BD8407A19B76D9D0039B72A /* Build configuration list for PBXNativeTarget "TheFunSpot" */ = {
			isa = XCConfigurationList;
			buildConfigurations = (
				3BD8407B19B76D9D0039B72A /* Debug */,
				3BD8407C19B76D9D0039B72A /* Release */,
			);
			defaultConfigurationIsVisible = 0;
			defaultConfigurationName = Release;
		};
		3BD8407D19B76D9D0039B72A /* Build configuration list for PBXNativeTarget "TheFunSpotTests" */ = {
			isa = XCConfigurationList;
			buildConfigurations = (
				3BD8407E19B76D9D0039B72A /* Debug */,
				3BD8407F19B76D9D0039B72A /* Release */,
			);
			defaultConfigurationIsVisible = 0;
			defaultConfigurationName = Release;
		};
/* End XCConfigurationList section */
	};
	rootObject = 3BD8404619B76D9D0039B72A /* Project object */;
}
